
Microsoft Visual Studio Solution File, Format Version 12.00
# Visual Studio Version 17
VisualStudioVersion = 17.4.33213.308
MinimumVisualStudioVersion = 10.0.40219.1
Project("{FAE04EC0-301F-11D3-BF4B-00C04F79EFBC}") = "Dungeon.Editor", "Dungeon.Editor\Dungeon.Editor.csproj", "{5885D926-0408-4F4B-B7AB-16D103868F25}"
EndProject
Global
	GlobalSection(SolutionConfigurationPlatforms) = preSolution
		Debug|Any CPU = Debug|Any CPU
		Release|Any CPU = Release|Any CPU
	EndGlobalSection
	GlobalSection(ProjectConfigurationPlatforms) = postSolution
		{5885D926-0408-4F4B-B7AB-16D103868F25}.Debug|Any CPU.ActiveCfg = Debug|Any CPU
		{5885D926-0408-4F4B-B7AB-16D103868F25}.Debug|Any CPU.Build.0 = Debug|Any CPU
		{5885D926-0408-4F4B-B7AB-16D103868F25}.Release|Any CPU.ActiveCfg = Release|Any CPU
		{5885D926-0408-4F4B-B7AB-16D103868F25}.Release|Any CPU.Build.0 = Release|Any CPU
	EndGlobalSection
	GlobalSection(SolutionProperties) = preSolution
		HideSolutionNode = FALSE
	EndGlobalSection
	GlobalSection(ExtensibilityGlobals) = postSolution
		SolutionGuid = {DBD559A2-9FEC-45CE-ADA3-E193BC8745F0}
	EndGlobalSection
EndGlobal
