
Microsoft Visual Studio Solution File, Format Version 12.00
# Visual Studio Version 17
VisualStudioVersion = 17.4.33213.308
MinimumVisualStudioVersion = 10.0.40219.1
Project("{9A19103F-16F7-4668-BE54-9A1E7A4F7556}") = "Dungeon.Editor", "Dungeon.Editor\Dungeon.Editor.csproj", "{5885D926-0408-4F4B-B7AB-16D103868F25}"
EndProject
Project("{9A19103F-16F7-4668-BE54-9A1E7A4F7556}") = "Dungeon.EditorTests", "Dungeon.EditorTests\Dungeon.EditorTests.csproj", "{22363B80-5118-453C-B11C-DE079F87E38C}"
EndProject
Global
	GlobalSection(SolutionConfigurationPlatforms) = preSolution
		Debug|Any CPU = Debug|Any CPU
		Release|Any CPU = Release|Any CPU
	EndGlobalSection
	GlobalSection(ProjectConfigurationPlatforms) = postSolution
		{5885D926-0408-4F4B-B7AB-16D103868F25}.Debug|Any CPU.ActiveCfg = Debug|Any CPU
		{5885D926-0408-4F4B-B7AB-16D103868F25}.Debug|Any CPU.Build.0 = Debug|Any CPU
		{5885D926-0408-4F4B-B7AB-16D103868F25}.Release|Any CPU.ActiveCfg = Release|Any CPU
		{5885D926-0408-4F4B-B7AB-16D103868F25}.Release|Any CPU.Build.0 = Release|Any CPU
		{22363B80-5118-453C-B11C-DE079F87E38C}.Debug|Any CPU.ActiveCfg = Debug|Any CPU
		{22363B80-5118-453C-B11C-DE079F87E38C}.Debug|Any CPU.Build.0 = Debug|Any CPU
		{22363B80-5118-453C-B11C-DE079F87E38C}.Release|Any CPU.ActiveCfg = Release|Any CPU
		{22363B80-5118-453C-B11C-DE079F87E38C}.Release|Any CPU.Build.0 = Release|Any CPU
	EndGlobalSection
	GlobalSection(SolutionProperties) = preSolution
		HideSolutionNode = FALSE
	EndGlobalSection
	GlobalSection(ExtensibilityGlobals) = postSolution
		SolutionGuid = {DBD559A2-9FEC-45CE-ADA3-E193BC8745F0}
	EndGlobalSection
EndGlobal
